lockfileVersion: '9.0'

settings:
  autoInstallPeers: true
  excludeLinksFromLockfile: false

importers:

  .:
    devDependencies:
      '@playwright/cli':
        specifier: 0.1.17
        version: 0.1.17
      '@playwright/test':
        specifier: ^1.62.1
        version: 1.62.1
      '@types/node':
        specifier: ^26.1.2
        version: 26.1.2

packages:

  '@playwright/cli@0.1.17':
    resolution: {integrity: sha512-VBw6y3p8eqOqmjKg07IkWSPGKJkpIhMRNDFI6DOYsDD6fAfcI1XYEWMLWyhSZQ0B/Oc2KN49eq4XqE64PUPHBg==, tarball: https://registry.npmjs.org/@playwright/cli/-/cli-0.1.17.tgz}
    engines: {node: '>=18'}
    hasBin: true

  '@playwright/test@1.62.1':
    resolution: {integrity: sha512-DTcUc8qii+cpHvtOwggMtBRMjKZHXYWdw8syRYu2vtzuq4Wxphqq4NfCs5Zt44L6mA8rfDfj+PHnxFc/FeK6mQ==, tarball: https://registry.npmjs.org/@playwright/test/-/test-1.62.1.tgz}
    engines: {node: '>=20'}
    hasBin: true

  '@types/node@26.1.2':
    resolution: {integrity: sha512-Vu4a5UFA9rIIFJ7rB/Vaafh9lrCQszopTCx6KjFboXTGQbPNasehVR5TEiithSDGyd1DEiUByggTZsg8jukeIg==, tarball: https://registry.npmjs.org/@types/node/-/node-26.1.2.tgz}

  fsevents@2.3.2:
    resolution: {integrity: sha512-xiqMQR4xAeHTuB9uWm+fFRcIOgKBMiOBP+eXiyT7jsgVCq1bkVygt00oASowB7EdtpOHaaPgKt812P9ab+DDKA==, tarball: https://registry.npmjs.org/fsevents/-/fsevents-2.3.2.tgz}
    engines: {node: ^8.16.0 || ^10.6.0 || >=11.0.0}
    os: [darwin]

  playwright-core@1.62.0-alpha-1783623505000:
    resolution: {integrity: sha512-CPJZdsA/KGT2QQlekiV6Wt+QlQrZHVSZ6oiNtOI/bYYOIVLM8jfKGWTM4zQiyd4UN+40Cq4cA6lxmZHZbtPvJQ==, tarball: https://registry.npmjs.org/playwright-core/-/playwright-core-1.62.0-alpha-1783623505000.tgz}
    engines: {node: '>=20'}
    hasBin: true

  playwright-core@1.62.1:
    resolution: {integrity: sha512-wPYSwEBJY9GHraISXqyqtx0na0LpO3XEX7jNDhntbex7tzUS7kLnZsOlFruFJB4Hi/rhDMjXGqHewDZ68nYZVw==, tarball: https://registry.npmjs.org/playwright-core/-/playwright-core-1.62.1.tgz}
    engines: {node: '>=20'}
    hasBin: true

  playwright@1.62.0-alpha-1783623505000:
    resolution: {integrity: sha512-6KV9h4PP3hqu4NaGdxxcijWfYh9LJcFI/R2sP4TTC4I5cFo3oRawN0ETlW5MkE3cQEgKhhoj0KUNz4sfpCT0Tg==, tarball: https://registry.npmjs.org/playwright/-/playwright-1.62.0-alpha-1783623505000.tgz}
    engines: {node: '>=20'}
    hasBin: true

  playwright@1.62.1:
    resolution: {integrity: sha512-0M+L3LAD8/nm554LOla9Ayx0j0tmFZ0FBcoQ7F1VuVHpM/XpiC8RcDzBQB8W5+hA8L22THxELzeF+2WcUzvcLg==, tarball: https://registry.npmjs.org/playwright/-/playwright-1.62.1.tgz}
    engines: {node: '>=20'}
    hasBin: true

  undici-types@8.3.0:
    resolution: {integrity: sha512-j375ScV60dom+YkPFIfTLcOiPxkN/buHz5GobjLhixFuANaNs3C9l4GmrWqejgXWJ7BbJcFYpTEUkS1Ge8bpZQ==, tarball: https://registry.npmjs.org/undici-types/-/undici-types-8.3.0.tgz}

snapshots:

  '@playwright/cli@0.1.17':
    dependencies:
      playwright: 1.62.0-alpha-1783623505000
      playwright-core: 1.62.0-alpha-1783623505000

  '@playwright/test@1.62.1':
    dependencies:
      playwright: 1.62.1

  '@types/node@26.1.2':
    dependencies:
      undici-types: 8.3.0

  fsevents@2.3.2:
    optional: true

  playwright-core@1.62.0-alpha-1783623505000: {}

  playwright-core@1.62.1: {}

  playwright@1.62.0-alpha-1783623505000:
    dependencies:
      playwright-core: 1.62.0-alpha-1783623505000
    optionalDependencies:
      fsevents: 2.3.2

  playwright@1.62.1:
    dependencies:
      playwright-core: 1.62.1
    optionalDependencies:
      fsevents: 2.3.2

  undici-types@8.3.0: {}
